
Microsoft Visual Studio Solution File, Format Version 12.00
# Visual Studio Version 17
VisualStudioVersion = 17.0.31903.59
MinimumVisualStudioVersion = 10.0.40219.1
Project("{FAE04EC0-301F-11D3-BF4B-00C04F79EFBC}") = "WebAPI", "WebAPI\WebAPI.csproj", "{E3FFE0CE-97FC-4C01-8FE2-916A1DDAD740}"
EndProject
Project("{FAE04EC0-301F-11D3-BF4B-00C04F79EFBC}") = "Entities", "Entities\Entities.csproj", "{EBF2BBE2-0E91-47D0-8490-04EF7EEA494E}"
EndProject
Project("{FAE04EC0-301F-11D3-BF4B-00C04F79EFBC}") = "Repositories", "Repositories\Repositories.csproj", "{A5E0E73A-0485-475A-B987-7BBDA80D1A41}"
EndProject
Project("{FAE04EC0-301F-11D3-BF4B-00C04F79EFBC}") = "Services", "Services\Services.csproj", "{5B01F8BC-ED82-4F40-ADCB-042DE89C6905}"
EndProject
Global
	GlobalSection(SolutionConfigurationPlatforms) = preSolution
		Debug|Any CPU = Debug|Any CPU
		Release|Any CPU = Release|Any CPU
	EndGlobalSection
	GlobalSection(SolutionProperties) = preSolution
		HideSolutionNode = FALSE
	EndGlobalSection
	GlobalSection(ProjectConfigurationPlatforms) = postSolution
		{E3FFE0CE-97FC-4C01-8FE2-916A1DDAD740}.Debug|Any CPU.ActiveCfg = Debug|Any CPU
		{E3FFE0CE-97FC-4C01-8FE2-916A1DDAD740}.Debug|Any CPU.Build.0 = Debug|Any CPU
		{E3FFE0CE-97FC-4C01-8FE2-916A1DDAD740}.Release|Any CPU.ActiveCfg = Release|Any CPU
		{E3FFE0CE-97FC-4C01-8FE2-916A1DDAD740}.Release|Any CPU.Build.0 = Release|Any CPU
		{EBF2BBE2-0E91-47D0-8490-04EF7EEA494E}.Debug|Any CPU.ActiveCfg = Debug|Any CPU
		{EBF2BBE2-0E91-47D0-8490-04EF7EEA494E}.Debug|Any CPU.Build.0 = Debug|Any CPU
		{EBF2BBE2-0E91-47D0-8490-04EF7EEA494E}.Release|Any CPU.ActiveCfg = Release|Any CPU
		{EBF2BBE2-0E91-47D0-8490-04EF7EEA494E}.Release|Any CPU.Build.0 = Release|Any CPU
		{A5E0E73A-0485-475A-B987-7BBDA80D1A41}.Debug|Any CPU.ActiveCfg = Debug|Any CPU
		{A5E0E73A-0485-475A-B987-7BBDA80D1A41}.Debug|Any CPU.Build.0 = Debug|Any CPU
		{A5E0E73A-0485-475A-B987-7BBDA80D1A41}.Release|Any CPU.ActiveCfg = Release|Any CPU
		{A5E0E73A-0485-475A-B987-7BBDA80D1A41}.Release|Any CPU.Build.0 = Release|Any CPU
		{5B01F8BC-ED82-4F40-ADCB-042DE89C6905}.Debug|Any CPU.ActiveCfg = Debug|Any CPU
		{5B01F8BC-ED82-4F40-ADCB-042DE89C6905}.Debug|Any CPU.Build.0 = Debug|Any CPU
		{5B01F8BC-ED82-4F40-ADCB-042DE89C6905}.Release|Any CPU.ActiveCfg = Release|Any CPU
		{5B01F8BC-ED82-4F40-ADCB-042DE89C6905}.Release|Any CPU.Build.0 = Release|Any CPU
	EndGlobalSection
EndGlobal
